// !$*UTF8*$!
{
	archiveVersion = 1;
	classes = {
	};
	objectVersion = 70;
	objects = {

/* Begin PBXBuildFile section */
		080EDEFB21B6DA7E00813479 /* EssentialFeed.framework in Frameworks */ = {isa = PBXBuildFile; fileRef = 080EDEF121B6DA7E00813479 /* EssentialFeed.framework */; };
		080EDF0C21B6DAE800813479 /* FeedImage.swift in Sources */ = {isa = PBXBuildFile; fileRef = 080EDF0B21B6DAE800813479 /* FeedImage.swift */; };
		080EDF0E21B6DCB600813479 /* FeedLoader.swift in Sources */ = {isa = PBXBuildFile; fileRef = 080EDF0D21B6DCB600813479 /* FeedLoader.swift */; };
		E701DF4E2E7E62EC00376698 /* RealmFeedStoreTests.swift in Sources */ = {isa = PBXBuildFile; fileRef = E701DF4D2E7E62EC00376698 /* RealmFeedStoreTests.swift */; };
		E701DF512E7E6CF700376698 /* RealmFeedStore.swift in Sources */ = {isa = PBXBuildFile; fileRef = E701DF502E7E6CF300376698 /* RealmFeedStore.swift */; };
		E7283D062E7463500008F36F /* FeedStoreSpecs.swift in Sources */ = {isa = PBXBuildFile; fileRef = E7283D042E7460A10008F36F /* FeedStoreSpecs.swift */; };
		E7283D082E7463B30008F36F /* XCTestCase+FeedStoreSpecs..swift in Sources */ = {isa = PBXBuildFile; fileRef = E7283D072E7463B30008F36F /* XCTestCase+FeedStoreSpecs..swift */; };
		E7283D0A2E7543A10008F36F /* XCTestCase+FailableRetrieveFeedStoreSpecs.swift in Sources */ = {isa = PBXBuildFile; fileRef = E7283D092E7543A10008F36F /* XCTestCase+FailableRetrieveFeedStoreSpecs.swift */; };
		E7283D0C2E7544600008F36F /* XCTestCase+FailableInsertFeedStoreSpecs.swift in Sources */ = {isa = PBXBuildFile; fileRef = E7283D0B2E7544600008F36F /* XCTestCase+FailableInsertFeedStoreSpecs.swift */; };
		E7283D0E2E7545020008F36F /* XCTestCase+FailableDeleteFeedStoreSpecs.swift in Sources */ = {isa = PBXBuildFile; fileRef = E7283D0D2E7544FD0008F36F /* XCTestCase+FailableDeleteFeedStoreSpecs.swift */; };
		E7283D162E7578AB0008F36F /* CoreDataFeedStoreTests..swift in Sources */ = {isa = PBXBuildFile; fileRef = E7283D152E7578AA0008F36F /* CoreDataFeedStoreTests..swift */; };
		E7283D1B2E758E020008F36F /* CoreDataFeedStore.swift in Sources */ = {isa = PBXBuildFile; fileRef = E7283D1A2E758DFA0008F36F /* CoreDataFeedStore.swift */; };
		E7283D1C2E75A26E0008F36F /* FeedStore.xcdatamodeld in Sources */ = {isa = PBXBuildFile; fileRef = E7283D172E7589560008F36F /* FeedStore.xcdatamodeld */; };
		E7283D232E76E6390008F36F /* CoreDataHelpers.swift in Sources */ = {isa = PBXBuildFile; fileRef = E7283D222E76E6330008F36F /* CoreDataHelpers.swift */; };
		E7283D252E76E6F50008F36F /* ManagedCache.swift in Sources */ = {isa = PBXBuildFile; fileRef = E7283D242E76E6ED0008F36F /* ManagedCache.swift */; };
		E7283D272E76E7780008F36F /* ManagedFeedImage.swift in Sources */ = {isa = PBXBuildFile; fileRef = E7283D262E76E7760008F36F /* ManagedFeedImage.swift */; };
		E730DDC12E6489C800721D12 /* LocalFeedLoader.swift in Sources */ = {isa = PBXBuildFile; fileRef = E730DDC02E6489C800721D12 /* LocalFeedLoader.swift */; };
		E730DDC32E648AFF00721D12 /* FeedStore.swift in Sources */ = {isa = PBXBuildFile; fileRef = E730DDC22E648AFF00721D12 /* FeedStore.swift */; };
		E750890B2E52C29700B71CF8 /* URLSessionHTTPCLientTests.swift in Sources */ = {isa = PBXBuildFile; fileRef = E750890A2E52C29700B71CF8 /* URLSessionHTTPCLientTests.swift */; };
		E774B6FB2E6939AF00673CBB /* FeedStoreSpy.swift in Sources */ = {isa = PBXBuildFile; fileRef = E774B6FA2E6939AF00673CBB /* FeedStoreSpy.swift */; };
		E774B6FC2E6939AF00673CBB /* FeedStoreSpy.swift in Sources */ = {isa = PBXBuildFile; fileRef = E774B6FA2E6939AF00673CBB /* FeedStoreSpy.swift */; };
		E77DE4752E7E714E0009E26E /* RealmSwift in Frameworks */ = {isa = PBXBuildFile; productRef = E77DE4742E7E714E0009E26E /* RealmSwift */; };
		E77DE4842E7FD4730009E26E /* PersistedCache.swift in Sources */ = {isa = PBXBuildFile; fileRef = E77DE4832E7FD46E0009E26E /* PersistedCache.swift */; };
		E77DE4862E7FD5280009E26E /* PersistedFeedImage.swift in Sources */ = {isa = PBXBuildFile; fileRef = E77DE4852E7FD5200009E26E /* PersistedFeedImage.swift */; };
		E788F9902E597FB100888881 /* URLSessionHTTPClient.swift in Sources */ = {isa = PBXBuildFile; fileRef = E788F98F2E597FB100888881 /* URLSessionHTTPClient.swift */; };
		E7890A142E64030E00F76F38 /* CacheFeedUseCaseTests.swift in Sources */ = {isa = PBXBuildFile; fileRef = E7890A132E64030E00F76F38 /* CacheFeedUseCaseTests.swift */; };
		E793DC632E6BF8590016B47D /* RemoteFeedItem.swift in Sources */ = {isa = PBXBuildFile; fileRef = E793DC622E6BF8520016B47D /* RemoteFeedItem.swift */; };
		E793DC652E6BF8AD0016B47D /* LocalFeedItem.swift in Sources */ = {isa = PBXBuildFile; fileRef = E793DC642E6BF8A40016B47D /* LocalFeedItem.swift */; };
		E7A25D2C2E78F47B0028F1DA /* EssentialFeed.framework in Frameworks */ = {isa = PBXBuildFile; fileRef = 080EDEF121B6DA7E00813479 /* EssentialFeed.framework */; };
		E7A25D322E78FAF40028F1DA /* XCTestCase+MemoryLeakTracking.swift in Sources */ = {isa = PBXBuildFile; fileRef = E7BCE4A52E580A340067D148 /* XCTestCase+MemoryLeakTracking.swift */; };
		E7A25D332E78FCEC0028F1DA /* FeedCacheTestHelpers.swift in Sources */ = {isa = PBXBuildFile; fileRef = E7CFC5AB2E6D9BDF00DDBCAF /* FeedCacheTestHelpers.swift */; };
		E7A25D342E78FDFD0028F1DA /* SharedTestHelpers.swift in Sources */ = {isa = PBXBuildFile; fileRef = E7CFC5AE2E6D9CD200DDBCAF /* SharedTestHelpers.swift */; };
		E7A9ED412E5B608600595833 /* XCTestCase+MemoryLeakTracking.swift in Sources */ = {isa = PBXBuildFile; fileRef = E7BCE4A52E580A340067D148 /* XCTestCase+MemoryLeakTracking.swift */; };
		E7AC5D7B2E6F155900EDC3A8 /* FeedCachePolicy.swift in Sources */ = {isa = PBXBuildFile; fileRef = E7AC5D7A2E6F155900EDC3A8 /* FeedCachePolicy.swift */; };
		E7B394C42E5B359400C391CE /* EssentialFeed.framework in Frameworks */ = {isa = PBXBuildFile; fileRef = 080EDEF121B6DA7E00813479 /* EssentialFeed.framework */; };
		E7BCE4A62E580A350067D148 /* XCTestCase+MemoryLeakTracking.swift in Sources */ = {isa = PBXBuildFile; fileRef = E7BCE4A52E580A340067D148 /* XCTestCase+MemoryLeakTracking.swift */; };
		E7CFC5AA2E6D91E100DDBCAF /* ValidateFeedCacheUseCaseTests.swift in Sources */ = {isa = PBXBuildFile; fileRef = E7CFC5A92E6D91E100DDBCAF /* ValidateFeedCacheUseCaseTests.swift */; };
		E7CFC5AC2E6D9BDF00DDBCAF /* FeedCacheTestHelpers.swift in Sources */ = {isa = PBXBuildFile; fileRef = E7CFC5AB2E6D9BDF00DDBCAF /* FeedCacheTestHelpers.swift */; };
		E7CFC5AD2E6D9BDF00DDBCAF /* FeedCacheTestHelpers.swift in Sources */ = {isa = PBXBuildFile; fileRef = E7CFC5AB2E6D9BDF00DDBCAF /* FeedCacheTestHelpers.swift */; };
		E7CFC5AF2E6D9CD200DDBCAF /* SharedTestHelpers.swift in Sources */ = {isa = PBXBuildFile; fileRef = E7CFC5AE2E6D9CD200DDBCAF /* SharedTestHelpers.swift */; };
		E7CFC5B02E6D9CD200DDBCAF /* SharedTestHelpers.swift in Sources */ = {isa = PBXBuildFile; fileRef = E7CFC5AE2E6D9CD200DDBCAF /* SharedTestHelpers.swift */; };
		E7DA0A852E4A420B00FD2C6D /* RemoteFeedLoader.swift in Sources */ = {isa = PBXBuildFile; fileRef = E7DA0A842E4A420B00FD2C6D /* RemoteFeedLoader.swift */; };
		E7DED1942E71304C00F65B22 /* CodableFeedStoreTests.swift in Sources */ = {isa = PBXBuildFile; fileRef = E7DED1932E71304C00F65B22 /* CodableFeedStoreTests.swift */; };
		E7DED19E2E7316EA00F65B22 /* CodableFeedStore.swift in Sources */ = {isa = PBXBuildFile; fileRef = E7DED19D2E7316EA00F65B22 /* CodableFeedStore.swift */; };
		E7E718A22E6938C2000CD081 /* LoadFeedFromCacheUseCaseTests..swift in Sources */ = {isa = PBXBuildFile; fileRef = E7E718A12E6938C2000CD081 /* LoadFeedFromCacheUseCaseTests..swift */; };
		E7FF38DD2E4EDE16006A110B /* HTTPClient.swift in Sources */ = {isa = PBXBuildFile; fileRef = E7FF38DC2E4EDE16006A110B /* HTTPClient.swift */; };
		E7FF38E12E4EDF11006A110B /* FeedItemsMapper.swift in Sources */ = {isa = PBXBuildFile; fileRef = E7FF38E02E4EDF11006A110B /* FeedItemsMapper.swift */; };
		E7FF38F22E4F33A7006A110B /* LoadFeedFromRemoteUseCaseTests.swift in Sources */ = {isa = PBXBuildFile; fileRef = E7FF38F12E4F33A7006A110B /* LoadFeedFromRemoteUseCaseTests.swift */; };
/* End PBXBuildFile section */

/* Begin PBXContainerItemProxy section */
		080EDEFC21B6DA7E00813479 /* PBXContainerItemProxy */ = {
			isa = PBXContainerItemProxy;
			containerPortal = 080EDEE821B6DA7E00813479 /* Project object */;
			proxyType = 1;
			remoteGlobalIDString = 080EDEF021B6DA7E00813479;
			remoteInfo = EssentialFeed;
		};
		E7A25D2D2E78F47B0028F1DA /* PBXContainerItemProxy */ = {
			isa = PBXContainerItemProxy;
			containerPortal = 080EDEE821B6DA7E00813479 /* Project object */;
			proxyType = 1;
			remoteGlobalIDString = 080EDEF021B6DA7E00813479;
			remoteInfo = EssentialFeed;
		};
		E7B394C52E5B359400C391CE /* PBXContainerItemProxy */ = {
			isa = PBXContainerItemProxy;
			containerPortal = 080EDEE821B6DA7E00813479 /* Project object */;
			proxyType = 1;
			remoteGlobalIDString = 080EDEF021B6DA7E00813479;
			remoteInfo = EssentialFeed;
		};
/* End PBXContainerItemProxy section */

/* Begin PBXCopyFilesBuildPhase section */
		E77DE4772E7E71580009E26E /* Embed Frameworks */ = {
			isa = PBXCopyFilesBuildPhase;
			buildActionMask = 2147483647;
			dstPath = "";
			dstSubfolderSpec = 10;
			files = (
			);
			name = "Embed Frameworks";
			runOnlyForDeploymentPostprocessing = 0;
		};
/* End PBXCopyFilesBuildPhase section */

/* Begin PBXFileReference section */
		080EDEF121B6DA7E00813479 /* EssentialFeed.framework */ = {isa = PBXFileReference; explicitFileType = wrapper.framework; includeInIndex = 0; path = EssentialFeed.framework; sourceTree = BUILT_PRODUCTS_DIR; };
		080EDEF521B6DA7E00813479 /* Info.plist */ = {isa = PBXFileReference; lastKnownFileType = text.plist.xml; path = Info.plist; sourceTree = "<group>"; };
		080EDEFA21B6DA7E00813479 /* EssentialFeedTests.xctest */ = {isa = PBXFileReference; explicitFileType = wrapper.cfbundle; includeInIndex = 0; path = EssentialFeedTests.xctest; sourceTree = BUILT_PRODUCTS_DIR; };
		080EDF0121B6DA7E00813479 /* Info.plist */ = {isa = PBXFileReference; lastKnownFileType = text.plist.xml; path = Info.plist; sourceTree = "<group>"; };
		080EDF0B21B6DAE800813479 /* FeedImage.swift */ = {isa = PBXFileReference; lastKnownFileType = sourcecode.swift; path = FeedImage.swift; sourceTree = "<group>"; };
		080EDF0D21B6DCB600813479 /* FeedLoader.swift */ = {isa = PBXFileReference; lastKnownFileType = sourcecode.swift; path = FeedLoader.swift; sourceTree = "<group>"; };
		E701DF4D2E7E62EC00376698 /* RealmFeedStoreTests.swift */ = {isa = PBXFileReference; lastKnownFileType = sourcecode.swift; path = RealmFeedStoreTests.swift; sourceTree = "<group>"; };
		E701DF502E7E6CF300376698 /* RealmFeedStore.swift */ = {isa = PBXFileReference; lastKnownFileType = sourcecode.swift; path = RealmFeedStore.swift; sourceTree = "<group>"; };
		E7283D042E7460A10008F36F /* FeedStoreSpecs.swift */ = {isa = PBXFileReference; lastKnownFileType = sourcecode.swift; path = FeedStoreSpecs.swift; sourceTree = "<group>"; };
		E7283D072E7463B30008F36F /* XCTestCase+FeedStoreSpecs..swift */ = {isa = PBXFileReference; lastKnownFileType = sourcecode.swift; path = "XCTestCase+FeedStoreSpecs..swift"; sourceTree = "<group>"; };
		E7283D092E7543A10008F36F /* XCTestCase+FailableRetrieveFeedStoreSpecs.swift */ = {isa = PBXFileReference; lastKnownFileType = sourcecode.swift; path = "XCTestCase+FailableRetrieveFeedStoreSpecs.swift"; sourceTree = "<group>"; };
		E7283D0B2E7544600008F36F /* XCTestCase+FailableInsertFeedStoreSpecs.swift */ = {isa = PBXFileReference; lastKnownFileType = sourcecode.swift; path = "XCTestCase+FailableInsertFeedStoreSpecs.swift"; sourceTree = "<group>"; };
		E7283D0D2E7544FD0008F36F /* XCTestCase+FailableDeleteFeedStoreSpecs.swift */ = {isa = PBXFileReference; lastKnownFileType = sourcecode.swift; path = "XCTestCase+FailableDeleteFeedStoreSpecs.swift"; sourceTree = "<group>"; };
		E7283D152E7578AA0008F36F /* CoreDataFeedStoreTests..swift */ = {isa = PBXFileReference; lastKnownFileType = sourcecode.swift; path = CoreDataFeedStoreTests..swift; sourceTree = "<group>"; };
		E7283D182E7589560008F36F /* FeedStore.xcdatamodel */ = {isa = PBXFileReference; lastKnownFileType = wrapper.xcdatamodel; path = FeedStore.xcdatamodel; sourceTree = "<group>"; };
		E7283D1A2E758DFA0008F36F /* CoreDataFeedStore.swift */ = {isa = PBXFileReference; lastKnownFileType = sourcecode.swift; path = CoreDataFeedStore.swift; sourceTree = "<group>"; };
		E7283D222E76E6330008F36F /* CoreDataHelpers.swift */ = {isa = PBXFileReference; lastKnownFileType = sourcecode.swift; path = CoreDataHelpers.swift; sourceTree = "<group>"; };
		E7283D242E76E6ED0008F36F /* ManagedCache.swift */ = {isa = PBXFileReference; lastKnownFileType = sourcecode.swift; path = ManagedCache.swift; sourceTree = "<group>"; };
		E7283D262E76E7760008F36F /* ManagedFeedImage.swift */ = {isa = PBXFileReference; lastKnownFileType = sourcecode.swift; path = ManagedFeedImage.swift; sourceTree = "<group>"; };
		E730DDC02E6489C800721D12 /* LocalFeedLoader.swift */ = {isa = PBXFileReference; lastKnownFileType = sourcecode.swift; path = LocalFeedLoader.swift; sourceTree = "<group>"; };
		E730DDC22E648AFF00721D12 /* FeedStore.swift */ = {isa = PBXFileReference; lastKnownFileType = sourcecode.swift; path = FeedStore.swift; sourceTree = "<group>"; };
		E750890A2E52C29700B71CF8 /* URLSessionHTTPCLientTests.swift */ = {isa = PBXFileReference; lastKnownFileType = sourcecode.swift; path = URLSessionHTTPCLientTests.swift; sourceTree = "<group>"; };
		E774B6FA2E6939AF00673CBB /* FeedStoreSpy.swift */ = {isa = PBXFileReference; lastKnownFileType = sourcecode.swift; path = FeedStoreSpy.swift; sourceTree = "<group>"; };
		E77DE4832E7FD46E0009E26E /* PersistedCache.swift */ = {isa = PBXFileReference; lastKnownFileType = sourcecode.swift; path = PersistedCache.swift; sourceTree = "<group>"; };
		E77DE4852E7FD5200009E26E /* PersistedFeedImage.swift */ = {isa = PBXFileReference; lastKnownFileType = sourcecode.swift; path = PersistedFeedImage.swift; sourceTree = "<group>"; };
		E788F98F2E597FB100888881 /* URLSessionHTTPClient.swift */ = {isa = PBXFileReference; lastKnownFileType = sourcecode.swift; path = URLSessionHTTPClient.swift; sourceTree = "<group>"; };
		E7890A132E64030E00F76F38 /* CacheFeedUseCaseTests.swift */ = {isa = PBXFileReference; lastKnownFileType = sourcecode.swift; path = CacheFeedUseCaseTests.swift; sourceTree = "<group>"; };
		E793DC622E6BF8520016B47D /* RemoteFeedItem.swift */ = {isa = PBXFileReference; lastKnownFileType = sourcecode.swift; path = RemoteFeedItem.swift; sourceTree = "<group>"; };
		E793DC642E6BF8A40016B47D /* LocalFeedItem.swift */ = {isa = PBXFileReference; lastKnownFileType = sourcecode.swift; path = LocalFeedItem.swift; sourceTree = "<group>"; };
		E7A25D282E78F47B0028F1DA /* EssentialFeedCacheIntegrationTests.xctest */ = {isa = PBXFileReference; explicitFileType = wrapper.cfbundle; includeInIndex = 0; path = EssentialFeedCacheIntegrationTests.xctest; sourceTree = BUILT_PRODUCTS_DIR; };
		E7AC5D7A2E6F155900EDC3A8 /* FeedCachePolicy.swift */ = {isa = PBXFileReference; lastKnownFileType = sourcecode.swift; path = FeedCachePolicy.swift; sourceTree = "<group>"; };
		E7AD78D12E498049001F5428 /* EssentialFeedTests-Bridging-Header.h */ = {isa = PBXFileReference; lastKnownFileType = sourcecode.c.h; path = "EssentialFeedTests-Bridging-Header.h"; sourceTree = "<group>"; };
		E7B394C02E5B359400C391CE /* EssentialFeedAPIEndToEndTests.xctest */ = {isa = PBXFileReference; explicitFileType = wrapper.cfbundle; includeInIndex = 0; path = EssentialFeedAPIEndToEndTests.xctest; sourceTree = BUILT_PRODUCTS_DIR; };
		E7BCE4A52E580A340067D148 /* XCTestCase+MemoryLeakTracking.swift */ = {isa = PBXFileReference; lastKnownFileType = sourcecode.swift; path = "XCTestCase+MemoryLeakTracking.swift"; sourceTree = "<group>"; };
		E7CFC5A92E6D91E100DDBCAF /* ValidateFeedCacheUseCaseTests.swift */ = {isa = PBXFileReference; lastKnownFileType = sourcecode.swift; path = ValidateFeedCacheUseCaseTests.swift; sourceTree = "<group>"; };
		E7CFC5AB2E6D9BDF00DDBCAF /* FeedCacheTestHelpers.swift */ = {isa = PBXFileReference; lastKnownFileType = sourcecode.swift; path = FeedCacheTestHelpers.swift; sourceTree = "<group>"; };
		E7CFC5AE2E6D9CD200DDBCAF /* SharedTestHelpers.swift */ = {isa = PBXFileReference; lastKnownFileType = sourcecode.swift; path = SharedTestHelpers.swift; sourceTree = "<group>"; };
		E7DA0A842E4A420B00FD2C6D /* RemoteFeedLoader.swift */ = {isa = PBXFileReference; lastKnownFileType = sourcecode.swift; path = RemoteFeedLoader.swift; sourceTree = "<group>"; };
		E7DED1932E71304C00F65B22 /* CodableFeedStoreTests.swift */ = {isa = PBXFileReference; lastKnownFileType = sourcecode.swift; path = CodableFeedStoreTests.swift; sourceTree = "<group>"; };
		E7DED19D2E7316EA00F65B22 /* CodableFeedStore.swift */ = {isa = PBXFileReference; lastKnownFileType = sourcecode.swift; path = CodableFeedStore.swift; sourceTree = "<group>"; };
		E7E718A12E6938C2000CD081 /* LoadFeedFromCacheUseCaseTests..swift */ = {isa = PBXFileReference; lastKnownFileType = sourcecode.swift; path = LoadFeedFromCacheUseCaseTests..swift; sourceTree = "<group>"; };
		E7FF38DC2E4EDE16006A110B /* HTTPClient.swift */ = {isa = PBXFileReference; lastKnownFileType = sourcecode.swift; path = HTTPClient.swift; sourceTree = "<group>"; };
		E7FF38E02E4EDF11006A110B /* FeedItemsMapper.swift */ = {isa = PBXFileReference; lastKnownFileType = sourcecode.swift; path = FeedItemsMapper.swift; sourceTree = "<group>"; };
		E7FF38F12E4F33A7006A110B /* LoadFeedFromRemoteUseCaseTests.swift */ = {isa = PBXFileReference; lastKnownFileType = sourcecode.swift; path = LoadFeedFromRemoteUseCaseTests.swift; sourceTree = "<group>"; };
/* End PBXFileReference section */

/* Begin PBXFileSystemSynchronizedRootGroup section */
		E7A25D292E78F47B0028F1DA /* EssentialFeedCacheIntegrationTests */ = {isa = PBXFileSystemSynchronizedRootGroup; explicitFileTypes = {}; explicitFolders = (); path = EssentialFeedCacheIntegrationTests; sourceTree = "<group>"; };
		E7B394C12E5B359400C391CE /* EssentialFeedAPIEndToEndTests */ = {isa = PBXFileSystemSynchronizedRootGroup; explicitFileTypes = {}; explicitFolders = (); path = EssentialFeedAPIEndToEndTests; sourceTree = "<group>"; };
/* End PBXFileSystemSynchronizedRootGroup section */

/* Begin PBXFrameworksBuildPhase section */
		080EDEEE21B6DA7E00813479 /* Frameworks */ = {
			isa = PBXFrameworksBuildPhase;
			buildActionMask = 2147483647;
			files = (
				E77DE4752E7E714E0009E26E /* RealmSwift in Frameworks */,
			);
			runOnlyForDeploymentPostprocessing = 0;
		};
		080EDEF721B6DA7E00813479 /* Frameworks */ = {
			isa = PBXFrameworksBuildPhase;
			buildActionMask = 2147483647;
			files = (
				080EDEFB21B6DA7E00813479 /* EssentialFeed.framework in Frameworks */,
			);
			runOnlyForDeploymentPostprocessing = 0;
		};
		E7A25D252E78F47B0028F1DA /* Frameworks */ = {
			isa = PBXFrameworksBuildPhase;
			buildActionMask = 2147483647;
			files = (
				E7A25D2C2E78F47B0028F1DA /* EssentialFeed.framework in Frameworks */,
			);
			runOnlyForDeploymentPostprocessing = 0;
		};
		E7B394BD2E5B359400C391CE /* Frameworks */ = {
			isa = PBXFrameworksBuildPhase;
			buildActionMask = 2147483647;
			files = (
				E7B394C42E5B359400C391CE /* EssentialFeed.framework in Frameworks */,
			);
			runOnlyForDeploymentPostprocessing = 0;
		};
/* End PBXFrameworksBuildPhase section */

/* Begin PBXGroup section */
		080EDEE721B6DA7E00813479 = {
			isa = PBXGroup;
			children = (
				080EDEF321B6DA7E00813479 /* EssentialFeed */,
				080EDEFE21B6DA7E00813479 /* EssentialFeedTests */,
				E7B394C12E5B359400C391CE /* EssentialFeedAPIEndToEndTests */,
				E7A25D292E78F47B0028F1DA /* EssentialFeedCacheIntegrationTests */,
				080EDEF221B6DA7E00813479 /* Products */,
			);
			sourceTree = "<group>";
		};
		080EDEF221B6DA7E00813479 /* Products */ = {
			isa = PBXGroup;
			children = (
				080EDEF121B6DA7E00813479 /* EssentialFeed.framework */,
				080EDEFA21B6DA7E00813479 /* EssentialFeedTests.xctest */,
				E7B394C02E5B359400C391CE /* EssentialFeedAPIEndToEndTests.xctest */,
				E7A25D282E78F47B0028F1DA /* EssentialFeedCacheIntegrationTests.xctest */,
			);
			name = Products;
			sourceTree = "<group>";
		};
		080EDEF321B6DA7E00813479 /* EssentialFeed */ = {
			isa = PBXGroup;
			children = (
				080EDEF521B6DA7E00813479 /* Info.plist */,
				E730DDBF2E6489AB00721D12 /* Feed Cache */,
				080EDF1021B6DFA200813479 /* Feed Feature */,
				E7DA0A832E4A41B000FD2C6D /* Feed Api */,
			);
			path = EssentialFeed;
			sourceTree = "<group>";
		};
		080EDEFE21B6DA7E00813479 /* EssentialFeedTests */ = {
			isa = PBXGroup;
			children = (
				E7BCE4A42E580A0B0067D148 /* Helpers */,
				E7890A122E64027700F76F38 /* Feed Cache */,
				E7FF38F42E4F33C5006A110B /* Feed Api */,
				080EDF0121B6DA7E00813479 /* Info.plist */,
				E7AD78D12E498049001F5428 /* EssentialFeedTests-Bridging-Header.h */,
			);
			path = EssentialFeedTests;
			sourceTree = "<group>";
		};
		080EDF1021B6DFA200813479 /* Feed Feature */ = {
			isa = PBXGroup;
			children = (
				080EDF0B21B6DAE800813479 /* FeedImage.swift */,
				080EDF0D21B6DCB600813479 /* FeedLoader.swift */,
			);
			path = "Feed Feature";
			sourceTree = "<group>";
		};
		E701DF4F2E7E6CE400376698 /* Realm */ = {
			isa = PBXGroup;
			children = (
				E77DE4852E7FD5200009E26E /* PersistedFeedImage.swift */,
				E77DE4832E7FD46E0009E26E /* PersistedCache.swift */,
				E701DF502E7E6CF300376698 /* RealmFeedStore.swift */,
			);
			path = Realm;
			sourceTree = "<group>";
		};
		E7283D102E7545F30008F36F /* FeedStoreSpecs */ = {
			isa = PBXGroup;
			children = (
				E7283D0D2E7544FD0008F36F /* XCTestCase+FailableDeleteFeedStoreSpecs.swift */,
				E7283D042E7460A10008F36F /* FeedStoreSpecs.swift */,
				E7283D072E7463B30008F36F /* XCTestCase+FeedStoreSpecs..swift */,
				E7283D092E7543A10008F36F /* XCTestCase+FailableRetrieveFeedStoreSpecs.swift */,
				E7283D0B2E7544600008F36F /* XCTestCase+FailableInsertFeedStoreSpecs.swift */,
			);
			path = FeedStoreSpecs;
			sourceTree = "<group>";
		};
		E7283D1F2E76E51F0008F36F /* Infrastructure */ = {
			isa = PBXGroup;
			children = (
				E701DF4F2E7E6CE400376698 /* Realm */,
				E7283D212E76E5B30008F36F /* Codable */,
				E7283D202E76E5590008F36F /* CoreData */,
			);
			path = Infrastructure;
			sourceTree = "<group>";
		};
		E7283D202E76E5590008F36F /* CoreData */ = {
			isa = PBXGroup;
			children = (
				E7283D262E76E7760008F36F /* ManagedFeedImage.swift */,
				E7283D242E76E6ED0008F36F /* ManagedCache.swift */,
				E7283D222E76E6330008F36F /* CoreDataHelpers.swift */,
				E7283D1A2E758DFA0008F36F /* CoreDataFeedStore.swift */,
				E7283D172E7589560008F36F /* FeedStore.xcdatamodeld */,
			);
			path = CoreData;
			sourceTree = "<group>";
		};
		E7283D212E76E5B30008F36F /* Codable */ = {
			isa = PBXGroup;
			children = (
				E7DED19D2E7316EA00F65B22 /* CodableFeedStore.swift */,
			);
			path = Codable;
			sourceTree = "<group>";
		};
		E730DDBF2E6489AB00721D12 /* Feed Cache */ = {
			isa = PBXGroup;
			children = (
				E7283D1F2E76E51F0008F36F /* Infrastructure */,
				E793DC642E6BF8A40016B47D /* LocalFeedItem.swift */,
				E730DDC02E6489C800721D12 /* LocalFeedLoader.swift */,
				E730DDC22E648AFF00721D12 /* FeedStore.swift */,
				E7AC5D7A2E6F155900EDC3A8 /* FeedCachePolicy.swift */,
			);
			path = "Feed Cache";
			sourceTree = "<group>";
		};
		E7890A122E64027700F76F38 /* Feed Cache */ = {
			isa = PBXGroup;
			children = (
				E7283D152E7578AA0008F36F /* CoreDataFeedStoreTests..swift */,
				E7283D102E7545F30008F36F /* FeedStoreSpecs */,
				E7890A132E64030E00F76F38 /* CacheFeedUseCaseTests.swift */,
				E7E718A12E6938C2000CD081 /* LoadFeedFromCacheUseCaseTests..swift */,
				E7CFC5A92E6D91E100DDBCAF /* ValidateFeedCacheUseCaseTests.swift */,
				E7DED1932E71304C00F65B22 /* CodableFeedStoreTests.swift */,
				E701DF4D2E7E62EC00376698 /* RealmFeedStoreTests.swift */,
			);
			path = "Feed Cache";
			sourceTree = "<group>";
		};
		E7BCE4A42E580A0B0067D148 /* Helpers */ = {
			isa = PBXGroup;
			children = (
				E7BCE4A52E580A340067D148 /* XCTestCase+MemoryLeakTracking.swift */,
				E774B6FA2E6939AF00673CBB /* FeedStoreSpy.swift */,
				E7CFC5AB2E6D9BDF00DDBCAF /* FeedCacheTestHelpers.swift */,
				E7CFC5AE2E6D9CD200DDBCAF /* SharedTestHelpers.swift */,
			);
			path = Helpers;
			sourceTree = "<group>";
		};
		E7DA0A832E4A41B000FD2C6D /* Feed Api */ = {
			isa = PBXGroup;
			children = (
				E793DC622E6BF8520016B47D /* RemoteFeedItem.swift */,
				E7DA0A842E4A420B00FD2C6D /* RemoteFeedLoader.swift */,
				E7FF38DC2E4EDE16006A110B /* HTTPClient.swift */,
				E7FF38E02E4EDF11006A110B /* FeedItemsMapper.swift */,
				E788F98F2E597FB100888881 /* URLSessionHTTPClient.swift */,
			);
			path = "Feed Api";
			sourceTree = "<group>";
		};
		E7FF38F42E4F33C5006A110B /* Feed Api */ = {
			isa = PBXGroup;
			children = (
				E750890A2E52C29700B71CF8 /* URLSessionHTTPCLientTests.swift */,
				E7FF38F12E4F33A7006A110B /* LoadFeedFromRemoteUseCaseTests.swift */,
			);
			path = "Feed Api";
			sourceTree = "<group>";
		};
/* End PBXGroup section */

/* Begin PBXHeadersBuildPhase section */
		080EDEEC21B6DA7E00813479 /* Headers */ = {
			isa = PBXHeadersBuildPhase;
			buildActionMask = 2147483647;
			files = (
			);
			runOnlyForDeploymentPostprocessing = 0;
		};
/* End PBXHeadersBuildPhase section */

/* Begin PBXNativeTarget section */
		080EDEF021B6DA7E00813479 /* EssentialFeed */ = {
			isa = PBXNativeTarget;
			buildConfigurationList = 080EDF0521B6DA7E00813479 /* Build configuration list for PBXNativeTarget "EssentialFeed" */;
			buildPhases = (
				080EDEEC21B6DA7E00813479 /* Headers */,
				080EDEED21B6DA7E00813479 /* Sources */,
				080EDEEE21B6DA7E00813479 /* Frameworks */,
				080EDEEF21B6DA7E00813479 /* Resources */,
				E77DE4772E7E71580009E26E /* Embed Frameworks */,
			);
			buildRules = (
			);
			dependencies = (
			);
			name = EssentialFeed;
			productName = EssentialFeed;
			productReference = 080EDEF121B6DA7E00813479 /* EssentialFeed.framework */;
			productType = "com.apple.product-type.framework";
		};
		080EDEF921B6DA7E00813479 /* EssentialFeedTests */ = {
			isa = PBXNativeTarget;
			buildConfigurationList = 080EDF0821B6DA7E00813479 /* Build configuration list for PBXNativeTarget "EssentialFeedTests" */;
			buildPhases = (
				080EDEF621B6DA7E00813479 /* Sources */,
				080EDEF721B6DA7E00813479 /* Frameworks */,
				080EDEF821B6DA7E00813479 /* Resources */,
			);
			buildRules = (
			);
			dependencies = (
				080EDEFD21B6DA7E00813479 /* PBXTargetDependency */,
			);
			name = EssentialFeedTests;
			productName = EssentialFeedTests;
			productReference = 080EDEFA21B6DA7E00813479 /* EssentialFeedTests.xctest */;
			productType = "com.apple.product-type.bundle.unit-test";
		};
		E7A25D272E78F47B0028F1DA /* EssentialFeedCacheIntegrationTests */ = {
			isa = PBXNativeTarget;
			buildConfigurationList = E7A25D312E78F47B0028F1DA /* Build configuration list for PBXNativeTarget "EssentialFeedCacheIntegrationTests" */;
			buildPhases = (
				E7A25D242E78F47B0028F1DA /* Sources */,
				E7A25D252E78F47B0028F1DA /* Frameworks */,
				E7A25D262E78F47B0028F1DA /* Resources */,
			);
			buildRules = (
			);
			dependencies = (
				E7A25D2E2E78F47B0028F1DA /* PBXTargetDependency */,
			);
			fileSystemSynchronizedGroups = (
				E7A25D292E78F47B0028F1DA /* EssentialFeedCacheIntegrationTests */,
			);
			name = EssentialFeedCacheIntegrationTests;
			packageProductDependencies = (
			);
			productName = EssentialFeedCacheIntegrationTests;
			productReference = E7A25D282E78F47B0028F1DA /* EssentialFeedCacheIntegrationTests.xctest */;
			productType = "com.apple.product-type.bundle.unit-test";
		};
		E7B394BF2E5B359400C391CE /* EssentialFeedAPIEndToEndTests */ = {
			isa = PBXNativeTarget;
			buildConfigurationList = E7B394C92E5B359400C391CE /* Build configuration list for PBXNativeTarget "EssentialFeedAPIEndToEndTests" */;
			buildPhases = (
				E7B394BC2E5B359400C391CE /* Sources */,
				E7B394BD2E5B359400C391CE /* Frameworks */,
				E7B394BE2E5B359400C391CE /* Resources */,
			);
			buildRules = (
			);
			dependencies = (
				E7B394C62E5B359400C391CE /* PBXTargetDependency */,
			);
			fileSystemSynchronizedGroups = (
				E7B394C12E5B359400C391CE /* EssentialFeedAPIEndToEndTests */,
			);
			name = EssentialFeedAPIEndToEndTests;
			packageProductDependencies = (
			);
			productName = EssentialFeedAPIEndToEndTests;
			productReference = E7B394C02E5B359400C391CE /* EssentialFeedAPIEndToEndTests.xctest */;
			productType = "com.apple.product-type.bundle.unit-test";
		};
/* End PBXNativeTarget section */

/* Begin PBXProject section */
		080EDEE821B6DA7E00813479 /* Project object */ = {
			isa = PBXProject;
			attributes = {
				BuildIndependentTargetsInParallel = YES;
				LastSwiftUpdateCheck = 1620;
				LastUpgradeCheck = 1620;
				ORGANIZATIONNAME = "";
				TargetAttributes = {
					080EDEF021B6DA7E00813479 = {
						CreatedOnToolsVersion = 10.1;
						LastSwiftMigration = 1540;
					};
					080EDEF921B6DA7E00813479 = {
						CreatedOnToolsVersion = 10.1;
						LastSwiftMigration = 1420;
					};
					E7A25D272E78F47B0028F1DA = {
						CreatedOnToolsVersion = 16.2;
					};
					E7B394BF2E5B359400C391CE = {
						CreatedOnToolsVersion = 16.2;
					};
				};
			};
			buildConfigurationList = 080EDEEB21B6DA7E00813479 /* Build configuration list for PBXProject "EssentialFeed" */;
			compatibilityVersion = "Xcode 13.0";
			developmentRegion = en;
			hasScannedForEncodings = 0;
			knownRegions = (
				en,
				Base,
			);
			mainGroup = 080EDEE721B6DA7E00813479;
			packageReferences = (
				E77DE4712E7E714E0009E26E /* XCRemoteSwiftPackageReference "realm-swift" */,
			);
			productRefGroup = 080EDEF221B6DA7E00813479 /* Products */;
			projectDirPath = "";
			projectRoot = "";
			targets = (
				080EDEF021B6DA7E00813479 /* EssentialFeed */,
				080EDEF921B6DA7E00813479 /* EssentialFeedTests */,
				E7B394BF2E5B359400C391CE /* EssentialFeedAPIEndToEndTests */,
				E7A25D272E78F47B0028F1DA /* EssentialFeedCacheIntegrationTests */,
			);
		};
/* End PBXProject section */

/* Begin PBXResourcesBuildPhase section */
		080EDEEF21B6DA7E00813479 /* Resources */ = {
			isa = PBXResourcesBuildPhase;
			buildActionMask = 2147483647;
			files = (
			);
			runOnlyForDeploymentPostprocessing = 0;
		};
		080EDEF821B6DA7E00813479 /* Resources */ = {
			isa = PBXResourcesBuildPhase;
			buildActionMask = 2147483647;
			files = (
			);
			runOnlyForDeploymentPostprocessing = 0;
		};
		E7A25D262E78F47B0028F1DA /* Resources */ = {
			isa = PBXResourcesBuildPhase;
			buildActionMask = 2147483647;
			files = (
			);
			runOnlyForDeploymentPostprocessing = 0;
		};
		E7B394BE2E5B359400C391CE /* Resources */ = {
			isa = PBXResourcesBuildPhase;
			buildActionMask = 2147483647;
			files = (
			);
			runOnlyForDeploymentPostprocessing = 0;
		};
/* End PBXResourcesBuildPhase section */

/* Begin PBXSourcesBuildPhase section */
		080EDEED21B6DA7E00813479 /* Sources */ = {
			isa = PBXSourcesBuildPhase;
			buildActionMask = 2147483647;
			files = (
				E7283D232E76E6390008F36F /* CoreDataHelpers.swift in Sources */,
				E701DF512E7E6CF700376698 /* RealmFeedStore.swift in Sources */,
				E7FF38E12E4EDF11006A110B /* FeedItemsMapper.swift in Sources */,
				080EDF0E21B6DCB600813479 /* FeedLoader.swift in Sources */,
				E793DC632E6BF8590016B47D /* RemoteFeedItem.swift in Sources */,
				E7AC5D7B2E6F155900EDC3A8 /* FeedCachePolicy.swift in Sources */,
				E7DA0A852E4A420B00FD2C6D /* RemoteFeedLoader.swift in Sources */,
				E7283D1C2E75A26E0008F36F /* FeedStore.xcdatamodeld in Sources */,
				E793DC652E6BF8AD0016B47D /* LocalFeedItem.swift in Sources */,
				E77DE4842E7FD4730009E26E /* PersistedCache.swift in Sources */,
				E730DDC32E648AFF00721D12 /* FeedStore.swift in Sources */,
				E730DDC12E6489C800721D12 /* LocalFeedLoader.swift in Sources */,
				E7DED19E2E7316EA00F65B22 /* CodableFeedStore.swift in Sources */,
				E7FF38DD2E4EDE16006A110B /* HTTPClient.swift in Sources */,
				080EDF0C21B6DAE800813479 /* FeedImage.swift in Sources */,
				E788F9902E597FB100888881 /* URLSessionHTTPClient.swift in Sources */,
				E7283D252E76E6F50008F36F /* ManagedCache.swift in Sources */,
				E77DE4862E7FD5280009E26E /* PersistedFeedImage.swift in Sources */,
				E7283D1B2E758E020008F36F /* CoreDataFeedStore.swift in Sources */,
				E7283D272E76E7780008F36F /* ManagedFeedImage.swift in Sources */,
			);
			runOnlyForDeploymentPostprocessing = 0;
		};
		080EDEF621B6DA7E00813479 /* Sources */ = {
			isa = PBXSourcesBuildPhase;
			buildActionMask = 2147483647;
			files = (
				E7283D082E7463B30008F36F /* XCTestCase+FeedStoreSpecs..swift in Sources */,
				E7DED1942E71304C00F65B22 /* CodableFeedStoreTests.swift in Sources */,
				E7CFC5AC2E6D9BDF00DDBCAF /* FeedCacheTestHelpers.swift in Sources */,
				E7CFC5AA2E6D91E100DDBCAF /* ValidateFeedCacheUseCaseTests.swift in Sources */,
				E7283D0C2E7544600008F36F /* XCTestCase+FailableInsertFeedStoreSpecs.swift in Sources */,
				E7FF38F22E4F33A7006A110B /* LoadFeedFromRemoteUseCaseTests.swift in Sources */,
				E750890B2E52C29700B71CF8 /* URLSessionHTTPCLientTests.swift in Sources */,
				E774B6FC2E6939AF00673CBB /* FeedStoreSpy.swift in Sources */,
				E7CFC5B02E6D9CD200DDBCAF /* SharedTestHelpers.swift in Sources */,
				E7283D0E2E7545020008F36F /* XCTestCase+FailableDeleteFeedStoreSpecs.swift in Sources */,
				E7283D0A2E7543A10008F36F /* XCTestCase+FailableRetrieveFeedStoreSpecs.swift in Sources */,
				E7890A142E64030E00F76F38 /* CacheFeedUseCaseTests.swift in Sources */,
				E7E718A22E6938C2000CD081 /* LoadFeedFromCacheUseCaseTests..swift in Sources */,
				E7283D162E7578AB0008F36F /* CoreDataFeedStoreTests..swift in Sources */,
				E7283D062E7463500008F36F /* FeedStoreSpecs.swift in Sources */,
				E7BCE4A62E580A350067D148 /* XCTestCase+MemoryLeakTracking.swift in Sources */,
				E701DF4E2E7E62EC00376698 /* RealmFeedStoreTests.swift in Sources */,
			);
			runOnlyForDeploymentPostprocessing = 0;
		};
		E7A25D242E78F47B0028F1DA /* Sources */ = {
			isa = PBXSourcesBuildPhase;
			buildActionMask = 2147483647;
			files = (
				E7A25D342E78FDFD0028F1DA /* SharedTestHelpers.swift in Sources */,
				E7A25D332E78FCEC0028F1DA /* FeedCacheTestHelpers.swift in Sources */,
				E7A25D322E78FAF40028F1DA /* XCTestCase+MemoryLeakTracking.swift in Sources */,
			);
			runOnlyForDeploymentPostprocessing = 0;
		};
		E7B394BC2E5B359400C391CE /* Sources */ = {
			isa = PBXSourcesBuildPhase;
			buildActionMask = 2147483647;
			files = (
				E7CFC5AD2E6D9BDF00DDBCAF /* FeedCacheTestHelpers.swift in Sources */,
				E7A9ED412E5B608600595833 /* XCTestCase+MemoryLeakTracking.swift in Sources */,
				E7CFC5AF2E6D9CD200DDBCAF /* SharedTestHelpers.swift in Sources */,
				E774B6FB2E6939AF00673CBB /* FeedStoreSpy.swift in Sources */,
			);
			runOnlyForDeploymentPostprocessing = 0;
		};
/* End PBXSourcesBuildPhase section */

/* Begin PBXTargetDependency section */
		080EDEFD21B6DA7E00813479 /* PBXTargetDependency */ = {
			isa = PBXTargetDependency;
			target = 080EDEF021B6DA7E00813479 /* EssentialFeed */;
			targetProxy = 080EDEFC21B6DA7E00813479 /* PBXContainerItemProxy */;
		};
		E7A25D2E2E78F47B0028F1DA /* PBXTargetDependency */ = {
			isa = PBXTargetDependency;
			target = 080EDEF021B6DA7E00813479 /* EssentialFeed */;
			targetProxy = E7A25D2D2E78F47B0028F1DA /* PBXContainerItemProxy */;
		};
		E7B394C62E5B359400C391CE /* PBXTargetDependency */ = {
			isa = PBXTargetDependency;
			target = 080EDEF021B6DA7E00813479 /* EssentialFeed */;
			targetProxy = E7B394C52E5B359400C391CE /* PBXContainerItemProxy */;
		};
/* End PBXTargetDependency section */

/* Begin XCBuildConfiguration section */
		080EDF0321B6DA7E00813479 /* Debug */ = {
			isa = XCBuildConfiguration;
			buildSettings = {
				ALWAYS_SEARCH_USER_PATHS = NO;
				ASSETCATALOG_COMPILER_GENERATE_SWIFT_ASSET_SYMBOL_EXTENSIONS = YES;
				CLANG_ANALYZER_NONNULL = YES;
				CLANG_ANALYZER_NUMBER_OBJECT_CONVERSION = YES_AGGRESSIVE;
				CLANG_CXX_LANGUAGE_STANDARD = "gnu++14";
				CLANG_CXX_LIBRARY = "libc++";
				CLANG_ENABLE_MODULES = YES;
				CLANG_ENABLE_OBJC_ARC = YES;
				CLANG_ENABLE_OBJC_WEAK = YES;
				CLANG_WARN_BLOCK_CAPTURE_AUTORELEASING = YES;
				CLANG_WARN_BOOL_CONVERSION = YES;
				CLANG_WARN_COMMA = YES;
				CLANG_WARN_CONSTANT_CONVERSION = YES;
				CLANG_WARN_DEPRECATED_OBJC_IMPLEMENTATIONS = YES;
				CLANG_WARN_DIRECT_OBJC_ISA_USAGE = YES_ERROR;
				CLANG_WARN_DOCUMENTATION_COMMENTS = YES;
				CLANG_WARN_EMPTY_BODY = YES;
				CLANG_WARN_ENUM_CONVERSION = YES;
				CLANG_WARN_INFINITE_RECURSION = YES;
				CLANG_WARN_INT_CONVERSION = YES;
				CLANG_WARN_NON_LITERAL_NULL_CONVERSION = YES;
				CLANG_WARN_OBJC_IMPLICIT_RETAIN_SELF = YES;
				CLANG_WARN_OBJC_LITERAL_CONVERSION = YES;
				CLANG_WARN_OBJC_ROOT_CLASS = YES_ERROR;
				CLANG_WARN_QUOTED_INCLUDE_IN_FRAMEWORK_HEADER = YES;
				CLANG_WARN_RANGE_LOOP_ANALYSIS = YES;
				CLANG_WARN_STRICT_PROTOTYPES = YES;
				CLANG_WARN_SUSPICIOUS_MOVE = YES;
				CLANG_WARN_UNGUARDED_AVAILABILITY = YES_AGGRESSIVE;
				CLANG_WARN_UNREACHABLE_CODE = YES;
				CLANG_WARN__DUPLICATE_METHOD_MATCH = YES;
				CODE_SIGN_IDENTITY = "Mac Developer";
				COPY_PHASE_STRIP = NO;
				CURRENT_PROJECT_VERSION = 1;
				DEAD_CODE_STRIPPING = YES;
				DEBUG_INFORMATION_FORMAT = dwarf;
				ENABLE_STRICT_OBJC_MSGSEND = YES;
				ENABLE_TESTABILITY = YES;
				ENABLE_USER_SCRIPT_SANDBOXING = YES;
				GCC_C_LANGUAGE_STANDARD = gnu11;
				GCC_DYNAMIC_NO_PIC = NO;
				GCC_NO_COMMON_BLOCKS = YES;
				GCC_OPTIMIZATION_LEVEL = 0;
				GCC_PREPROCESSOR_DEFINITIONS = (
					"DEBUG=1",
					"$(inherited)",
				);
				GCC_WARN_64_TO_32_BIT_CONVERSION = YES;
				GCC_WARN_ABOUT_RETURN_TYPE = YES_ERROR;
				GCC_WARN_UNDECLARED_SELECTOR = YES;
				GCC_WARN_UNINITIALIZED_AUTOS = YES_AGGRESSIVE;
				GCC_WARN_UNUSED_FUNCTION = YES;
				GCC_WARN_UNUSED_VARIABLE = YES;
				MACH_O_TYPE = mh_dylib;
				MACOSX_DEPLOYMENT_TARGET = 14.0;
				MTL_ENABLE_DEBUG_INFO = INCLUDE_SOURCE;
				MTL_FAST_MATH = YES;
				ONLY_ACTIVE_ARCH = YES;
				SDKROOT = macosx;
				SWIFT_ACTIVE_COMPILATION_CONDITIONS = DEBUG;
				SWIFT_OPTIMIZATION_LEVEL = "-Onone";
				SWIFT_STRICT_CONCURRENCY = minimal;
				SWIFT_VERSION = 4.0;
				VERSIONING_SYSTEM = "apple-generic";
				VERSION_INFO_PREFIX = "";
			};
			name = Debug;
		};
		080EDF0421B6DA7E00813479 /* Release */ = {
			isa = XCBuildConfiguration;
			buildSettings = {
				ALWAYS_SEARCH_USER_PATHS = NO;
				ASSETCATALOG_COMPILER_GENERATE_SWIFT_ASSET_SYMBOL_EXTENSIONS = YES;
				CLANG_ANALYZER_NONNULL = YES;
				CLANG_ANALYZER_NUMBER_OBJECT_CONVERSION = YES_AGGRESSIVE;
				CLANG_CXX_LANGUAGE_STANDARD = "gnu++14";
				CLANG_CXX_LIBRARY = "libc++";
				CLANG_ENABLE_MODULES = YES;
				CLANG_ENABLE_OBJC_ARC = YES;
				CLANG_ENABLE_OBJC_WEAK = YES;
				CLANG_WARN_BLOCK_CAPTURE_AUTORELEASING = YES;
				CLANG_WARN_BOOL_CONVERSION = YES;
				CLANG_WARN_COMMA = YES;
				CLANG_WARN_CONSTANT_CONVERSION = YES;
				CLANG_WARN_DEPRECATED_OBJC_IMPLEMENTATIONS = YES;
				CLANG_WARN_DIRECT_OBJC_ISA_USAGE = YES_ERROR;
				CLANG_WARN_DOCUMENTATION_COMMENTS = YES;
				CLANG_WARN_EMPTY_BODY = YES;
				CLANG_WARN_ENUM_CONVERSION = YES;
				CLANG_WARN_INFINITE_RECURSION = YES;
				CLANG_WARN_INT_CONVERSION = YES;
				CLANG_WARN_NON_LITERAL_NULL_CONVERSION = YES;
				CLANG_WARN_OBJC_IMPLICIT_RETAIN_SELF = YES;
				CLANG_WARN_OBJC_LITERAL_CONVERSION = YES;
				CLANG_WARN_OBJC_ROOT_CLASS = YES_ERROR;
				CLANG_WARN_QUOTED_INCLUDE_IN_FRAMEWORK_HEADER = YES;
				CLANG_WARN_RANGE_LOOP_ANALYSIS = YES;
				CLANG_WARN_STRICT_PROTOTYPES = YES;
				CLANG_WARN_SUSPICIOUS_MOVE = YES;
				CLANG_WARN_UNGUARDED_AVAILABILITY = YES_AGGRESSIVE;
				CLANG_WARN_UNREACHABLE_CODE = YES;
				CLANG_WARN__DUPLICATE_METHOD_MATCH = YES;
				CODE_SIGN_IDENTITY = "Mac Developer";
				COPY_PHASE_STRIP = NO;
				CURRENT_PROJECT_VERSION = 1;
				DEAD_CODE_STRIPPING = YES;
				DEBUG_INFORMATION_FORMAT = "dwarf-with-dsym";
				ENABLE_NS_ASSERTIONS = NO;
				ENABLE_STRICT_OBJC_MSGSEND = YES;
				ENABLE_USER_SCRIPT_SANDBOXING = YES;
				GCC_C_LANGUAGE_STANDARD = gnu11;
				GCC_NO_COMMON_BLOCKS = YES;
				GCC_WARN_64_TO_32_BIT_CONVERSION = YES;
				GCC_WARN_ABOUT_RETURN_TYPE = YES_ERROR;
				GCC_WARN_UNDECLARED_SELECTOR = YES;
				GCC_WARN_UNINITIALIZED_AUTOS = YES_AGGRESSIVE;
				GCC_WARN_UNUSED_FUNCTION = YES;
				GCC_WARN_UNUSED_VARIABLE = YES;
				MACH_O_TYPE = mh_dylib;
				MACOSX_DEPLOYMENT_TARGET = 14.0;
				MTL_ENABLE_DEBUG_INFO = NO;
				MTL_FAST_MATH = YES;
				SDKROOT = macosx;
				SWIFT_COMPILATION_MODE = wholemodule;
				SWIFT_OPTIMIZATION_LEVEL = "-O";
				SWIFT_STRICT_CONCURRENCY = minimal;
				SWIFT_VERSION = 4.0;
				VERSIONING_SYSTEM = "apple-generic";
				VERSION_INFO_PREFIX = "";
			};
			name = Release;
		};
		080EDF0621B6DA7E00813479 /* Debug */ = {
			isa = XCBuildConfiguration;
			buildSettings = {
				CLANG_ENABLE_MODULES = YES;
				CODE_SIGN_IDENTITY = "";
				CODE_SIGN_STYLE = Automatic;
				COMBINE_HIDPI_IMAGES = YES;
				DEAD_CODE_STRIPPING = YES;
				DEFINES_MODULE = YES;
				DEVELOPMENT_TEAM = "";
				DYLIB_COMPATIBILITY_VERSION = 1;
				DYLIB_CURRENT_VERSION = 1;
				DYLIB_INSTALL_NAME_BASE = "@rpath";
				ENABLE_MODULE_VERIFIER = YES;
				FRAMEWORK_VERSION = A;
				INFOPLIST_FILE = EssentialFeed/Info.plist;
				INSTALL_PATH = "$(LOCAL_LIBRARY_DIR)/Frameworks";
				IPHONEOS_DEPLOYMENT_TARGET = 14.0;
				LD_RUNPATH_SEARCH_PATHS = (
					"$(inherited)",
					"@executable_path/../Frameworks",
					"@loader_path/Frameworks",
				);
				MACOSX_DEPLOYMENT_TARGET = 13.1;
				MODULE_VERIFIER_SUPPORTED_LANGUAGE_STANDARDS = "gnu11 gnu++14";
				PRODUCT_BUNDLE_IDENTIFIER = com.essentialdeveloper.EssentialFeed;
				PRODUCT_NAME = "$(TARGET_NAME:c99extidentifier)";
				SKIP_INSTALL = YES;
				SUPPORTED_PLATFORMS = "iphoneos iphonesimulator macosx";
				SUPPORTS_MACCATALYST = NO;
				SUPPORTS_MAC_DESIGNED_FOR_IPHONE_IPAD = NO;
				SWIFT_OPTIMIZATION_LEVEL = "-Onone";
				TARGETED_DEVICE_FAMILY = 1;
			};
			name = Debug;
		};
		080EDF0721B6DA7E00813479 /* Release */ = {
			isa = XCBuildConfiguration;
			buildSettings = {
				CLANG_ENABLE_MODULES = YES;
				CODE_SIGN_IDENTITY = "";
				CODE_SIGN_STYLE = Automatic;
				COMBINE_HIDPI_IMAGES = YES;
				DEAD_CODE_STRIPPING = YES;
				DEFINES_MODULE = YES;
				DEVELOPMENT_TEAM = 4WRLQPP3K6;
				DYLIB_COMPATIBILITY_VERSION = 1;
				DYLIB_CURRENT_VERSION = 1;
				DYLIB_INSTALL_NAME_BASE = "@rpath";
				ENABLE_MODULE_VERIFIER = YES;
				FRAMEWORK_VERSION = A;
				INFOPLIST_FILE = EssentialFeed/Info.plist;
				INSTALL_PATH = "$(LOCAL_LIBRARY_DIR)/Frameworks";
				IPHONEOS_DEPLOYMENT_TARGET = 14.0;
				LD_RUNPATH_SEARCH_PATHS = (
					"$(inherited)",
					"@executable_path/../Frameworks",
					"@loader_path/Frameworks",
				);
				MACOSX_DEPLOYMENT_TARGET = 13.1;
				MODULE_VERIFIER_SUPPORTED_LANGUAGE_STANDARDS = "gnu11 gnu++14";
				PRODUCT_BUNDLE_IDENTIFIER = com.essentialdeveloper.EssentialFeed;
				PRODUCT_NAME = "$(TARGET_NAME:c99extidentifier)";
				SKIP_INSTALL = YES;
				SUPPORTED_PLATFORMS = "iphoneos iphonesimulator macosx";
				SUPPORTS_MACCATALYST = NO;
				SUPPORTS_MAC_DESIGNED_FOR_IPHONE_IPAD = NO;
				TARGETED_DEVICE_FAMILY = 1;
			};
			name = Release;
		};
		080EDF0921B6DA7E00813479 /* Debug */ = {
			isa = XCBuildConfiguration;
			buildSettings = {
				CLANG_ENABLE_MODULES = YES;
				"CODE_SIGN_IDENTITY[sdk=macosx*]" = "-";
				CODE_SIGN_STYLE = Automatic;
				COMBINE_HIDPI_IMAGES = YES;
				DEAD_CODE_STRIPPING = YES;
				DEVELOPMENT_TEAM = "";
				INFOPLIST_FILE = EssentialFeedTests/Info.plist;
				LD_RUNPATH_SEARCH_PATHS = (
					"$(inherited)",
					"@executable_path/../Frameworks",
					"@loader_path/../Frameworks",
				);
				PRODUCT_BUNDLE_IDENTIFIER = com.essentialdeveloper.EssentialFeedTests;
				PRODUCT_NAME = "$(TARGET_NAME)";
				SWIFT_OBJC_BRIDGING_HEADER = "EssentialFeedTests/EssentialFeedTests-Bridging-Header.h";
				SWIFT_OPTIMIZATION_LEVEL = "-Onone";
				SWIFT_VERSION = 5.0;
			};
			name = Debug;
		};
		080EDF0A21B6DA7E00813479 /* Release */ = {
			isa = XCBuildConfiguration;
			buildSettings = {
				CLANG_ENABLE_MODULES = YES;
				"CODE_SIGN_IDENTITY[sdk=macosx*]" = "Apple Development";
				CODE_SIGN_STYLE = Automatic;
				COMBINE_HIDPI_IMAGES = YES;
				DEAD_CODE_STRIPPING = YES;
				DEVELOPMENT_TEAM = 4WRLQPP3K6;
				INFOPLIST_FILE = EssentialFeedTests/Info.plist;
				LD_RUNPATH_SEARCH_PATHS = (
					"$(inherited)",
					"@executable_path/../Frameworks",
					"@loader_path/../Frameworks",
				);
				PRODUCT_BUNDLE_IDENTIFIER = com.essentialdeveloper.EssentialFeedTests;
				PRODUCT_NAME = "$(TARGET_NAME)";
				SWIFT_OBJC_BRIDGING_HEADER = "EssentialFeedTests/EssentialFeedTests-Bridging-Header.h";
				SWIFT_VERSION = 5.0;
			};
			name = Release;
		};
		E7A25D2F2E78F47B0028F1DA /* Debug */ = {
			isa = XCBuildConfiguration;
			buildSettings = {
				CLANG_CXX_LANGUAGE_STANDARD = "gnu++20";
				CODE_SIGN_STYLE = Automatic;
				CURRENT_PROJECT_VERSION = 1;
				DEVELOPMENT_TEAM = 4WRLQPP3K6;
				GCC_C_LANGUAGE_STANDARD = gnu17;
				GENERATE_INFOPLIST_FILE = YES;
				LOCALIZATION_PREFERS_STRING_CATALOGS = YES;
				MACOSX_DEPLOYMENT_TARGET = 15.2;
				MARKETING_VERSION = 1.0;
				PRODUCT_BUNDLE_IDENTIFIER = karan.EssentialFeedCacheIntegrationTests;
				PRODUCT_NAME = "$(TARGET_NAME)";
				SWIFT_ACTIVE_COMPILATION_CONDITIONS = "DEBUG $(inherited)";
				SWIFT_EMIT_LOC_STRINGS = NO;
				SWIFT_VERSION = 5.0;
			};
			name = Debug;
		};
		E7A25D302E78F47B0028F1DA /* Release */ = {
			isa = XCBuildConfiguration;
			buildSettings = {
				CLANG_CXX_LANGUAGE_STANDARD = "gnu++20";
				CODE_SIGN_STYLE = Automatic;
				CURRENT_PROJECT_VERSION = 1;
				DEVELOPMENT_TEAM = 4WRLQPP3K6;
				GCC_C_LANGUAGE_STANDARD = gnu17;
				GENERATE_INFOPLIST_FILE = YES;
				LOCALIZATION_PREFERS_STRING_CATALOGS = YES;
				MACOSX_DEPLOYMENT_TARGET = 15.2;
				MARKETING_VERSION = 1.0;
				PRODUCT_BUNDLE_IDENTIFIER = karan.EssentialFeedCacheIntegrationTests;
				PRODUCT_NAME = "$(TARGET_NAME)";
				SWIFT_EMIT_LOC_STRINGS = NO;
				SWIFT_VERSION = 5.0;
			};
			name = Release;
		};
		E7B394C72E5B359400C391CE /* Debug */ = {
			isa = XCBuildConfiguration;
			buildSettings = {
				CLANG_CXX_LANGUAGE_STANDARD = "gnu++20";
				CODE_SIGN_STYLE = Automatic;
				CURRENT_PROJECT_VERSION = 1;
				DEVELOPMENT_TEAM = 4WRLQPP3K6;
				GCC_C_LANGUAGE_STANDARD = gnu17;
				GENERATE_INFOPLIST_FILE = YES;
				LOCALIZATION_PREFERS_STRING_CATALOGS = YES;
				MACOSX_DEPLOYMENT_TARGET = 15.2;
				MARKETING_VERSION = 1.0;
				PRODUCT_BUNDLE_IDENTIFIER = karan.EssentialFeedAPIEndToEndTests;
				PRODUCT_NAME = "$(TARGET_NAME)";
				SWIFT_ACTIVE_COMPILATION_CONDITIONS = "DEBUG $(inherited)";
				SWIFT_EMIT_LOC_STRINGS = NO;
				SWIFT_VERSION = 5.0;
			};
			name = Debug;
		};
		E7B394C82E5B359400C391CE /* Release */ = {
			isa = XCBuildConfiguration;
			buildSettings = {
				CLANG_CXX_LANGUAGE_STANDARD = "gnu++20";
				CODE_SIGN_STYLE = Automatic;
				CURRENT_PROJECT_VERSION = 1;
				DEVELOPMENT_TEAM = 4WRLQPP3K6;
				GCC_C_LANGUAGE_STANDARD = gnu17;
				GENERATE_INFOPLIST_FILE = YES;
				LOCALIZATION_PREFERS_STRING_CATALOGS = YES;
				MACOSX_DEPLOYMENT_TARGET = 15.2;
				MARKETING_VERSION = 1.0;
				PRODUCT_BUNDLE_IDENTIFIER = karan.EssentialFeedAPIEndToEndTests;
				PRODUCT_NAME = "$(TARGET_NAME)";
				SWIFT_EMIT_LOC_STRINGS = NO;
				SWIFT_VERSION = 5.0;
			};
			name = Release;
		};
/* End XCBuildConfiguration section */

/* Begin XCConfigurationList section */
		080EDEEB21B6DA7E00813479 /* Build configuration list for PBXProject "EssentialFeed" */ = {
			isa = XCConfigurationList;
			buildConfigurations = (
				080EDF0321B6DA7E00813479 /* Debug */,
				080EDF0421B6DA7E00813479 /* Release */,
			);
			defaultConfigurationIsVisible = 0;
			defaultConfigurationName = Release;
		};
		080EDF0521B6DA7E00813479 /* Build configuration list for PBXNativeTarget "EssentialFeed" */ = {
			isa = XCConfigurationList;
			buildConfigurations = (
				080EDF0621B6DA7E00813479 /* Debug */,
				080EDF0721B6DA7E00813479 /* Release */,
			);
			defaultConfigurationIsVisible = 0;
			defaultConfigurationName = Release;
		};
		080EDF0821B6DA7E00813479 /* Build configuration list for PBXNativeTarget "EssentialFeedTests" */ = {
			isa = XCConfigurationList;
			buildConfigurations = (
				080EDF0921B6DA7E00813479 /* Debug */,
				080EDF0A21B6DA7E00813479 /* Release */,
			);
			defaultConfigurationIsVisible = 0;
			defaultConfigurationName = Release;
		};
		E7A25D312E78F47B0028F1DA /* Build configuration list for PBXNativeTarget "EssentialFeedCacheIntegrationTests" */ = {
			isa = XCConfigurationList;
			buildConfigurations = (
				E7A25D2F2E78F47B0028F1DA /* Debug */,
				E7A25D302E78F47B0028F1DA /* Release */,
			);
			defaultConfigurationIsVisible = 0;
			defaultConfigurationName = Release;
		};
		E7B394C92E5B359400C391CE /* Build configuration list for PBXNativeTarget "EssentialFeedAPIEndToEndTests" */ = {
			isa = XCConfigurationList;
			buildConfigurations = (
				E7B394C72E5B359400C391CE /* Debug */,
				E7B394C82E5B359400C391CE /* Release */,
			);
			defaultConfigurationIsVisible = 0;
			defaultConfigurationName = Release;
		};
/* End XCConfigurationList section */

/* Begin XCRemoteSwiftPackageReference section */
		E77DE4712E7E714E0009E26E /* XCRemoteSwiftPackageReference "realm-swift" */ = {
			isa = XCRemoteSwiftPackageReference;
			repositoryURL = "https://github.com/realm/realm-swift.git";
			requirement = {
				kind = upToNextMajorVersion;
				minimumVersion = 10.0.0;
			};
		};
/* End XCRemoteSwiftPackageReference section */

/* Begin XCSwiftPackageProductDependency section */
		E77DE4742E7E714E0009E26E /* RealmSwift */ = {
			isa = XCSwiftPackageProductDependency;
			package = E77DE4712E7E714E0009E26E /* XCRemoteSwiftPackageReference "realm-swift" */;
			productName = RealmSwift;
		};
/* End XCSwiftPackageProductDependency section */

/* Begin XCVersionGroup section */
		E7283D172E7589560008F36F /* FeedStore.xcdatamodeld */ = {
			isa = XCVersionGroup;
			children = (
				E7283D182E7589560008F36F /* FeedStore.xcdatamodel */,
			);
			currentVersion = E7283D182E7589560008F36F /* FeedStore.xcdatamodel */;
			name = FeedStore.xcdatamodeld;
			path = "EssentialFeed/Feed Cache/FeedStore.xcdatamodeld";
			sourceTree = SOURCE_ROOT;
			versionGroupType = wrapper.xcdatamodel;
		};
/* End XCVersionGroup section */
	};
	rootObject = 080EDEE821B6DA7E00813479 /* Project object */;
}
